// !$*UTF8*$!
{
	archiveVersion = 1;
	classes = {
	};
	objectVersion = 46;
	objects = {
		CF91A821F8D93A98389A1C17 = {
			isa = PBXBuildFile;
			fileRef = 50FC7A9479DB1468A4513025;
		};
		C662E22F5AA28B8EAA6AF897 = {
			isa = PBXBuildFile;
			fileRef = 80D678DF8FF0D819181EA5FD;
		};
		4773CBD1B5E3834F9C17C0B4 = {
			isa = PBXBuildFile;
			fileRef = 06965FF9FB44765C70DD6DC0;
		};
		95CCB94666CA80F330978841 = {
			isa = PBXBuildFile;
			fileRef = 50ED4515361EC4C628B3B31F;
		};
		ED110F2FD6DA9CD244D8A8BD = {
			isa = PBXBuildFile;
			fileRef = DDE20B356E5850FC0446EF96;
		};
		2F2040A5720D854056F2A71F = {
			isa = PBXBuildFile;
			fileRef = E2588FA941F3AD250B624E07;
		};
		9E4A7A8A4754DC0907B5CE10 = {
			isa = PBXBuildFile;
			fileRef = 4E019B5DA2D9A94FCEDB7995;
		};
		F7FC7EAE68AB6BC83705EB33 = {
			isa = PBXBuildFile;
			fileRef = 43144C7A6A05FA7C871EAD6B;
		};
		EBD48FB6F0F062C05825928E = {
			isa = PBXBuildFile;
			fileRef = 290F30D1C3EFD9A748C3808D;
		};
		7B578A8129A2E5ED7AF70CED = {
			isa = PBXBuildFile;
			fileRef = 489FAF54E03CD747AFAD5353;
		};
		54A012081CD16AA0A0320B3A = {
			isa = PBXBuildFile;
			fileRef = 740C97BE42580A81726801A7;
		};
		CD65F8CAFB307CC0930A7835 = {
			isa = PBXBuildFile;
			fileRef = D056DE06493E1707112D72D8;
		};
		9F86BBAA42581CE13C755B1D = {
			isa = PBXBuildFile;
			fileRef = 599F6106B32CC10583712D51;
		};
		B774E1D8D46B51242D5C0D98 = {
			isa = PBXBuildFile;
			fileRef = D3E7373A351E2CE0BEC48E79;
		};
		6F9B02377D18C7291D40BF95 = {
			isa = PBXBuildFile;
			fileRef = 21D38329FBA91555108D5A32;
		};
		440EB3EBF0DCA26C3C7696B7 = {
			isa = PBXBuildFile;
			fileRef = 2C717FE72A78160855F54D76;
		};
		2CD4DA486EAE7B8C21BAB154 = {
			isa = PBXBuildFile;
			fileRef = 6BE2FED0D3CACE4B8CB9D833;
		};
		617310FD52C7DBEA8BD778EE = {
			isa = PBXBuildFile;
			fileRef = E433EF0E25C0B3621EC905B1;
		};
		F1EF7B3176DAA31EFC842ECC = {
			isa = PBXBuildFile;
			fileRef = 51C957420B61FB98B8F3B6D8;
		};
		D2C2469D6976441920B13588 = {
			isa = PBXBuildFile;
			fileRef = 9068D459E313E8458798DBC1;
		};
		B256541B9BE975A7202F77BD = {
			isa = PBXBuildFile;
			fileRef = BEB79ECC375412F3FC3EDFD4;
		};
		90676949676021B926CFFED3 = {
			isa = PBXBuildFile;
			fileRef = D577C6F25C1F63A648F43344;
		};
		9398D6006F5B3DC3F999E2EA = {
			isa = PBXBuildFile;
			fileRef = B9E78CF438AD9C88AAA14283;
		};
		7A6F18911656CA66C28F0855 = {
			isa = PBXBuildFile;
			fileRef = 3B3863A43FA91F3F9AD711A3;
		};
		31053ACD61523F66601198F9 = {
			isa = PBXBuildFile;
			fileRef = 6349FC79F2EF0E963AEC6540;
		};
		89F442C03CFB81CBA78D1AA5 = {
			isa = PBXBuildFile;
			fileRef = 9CA42564903BC16C4698BDF5;
		};
		82B4B897153D387AFEE626DE = {
			isa = PBXBuildFile;
			fileRef = D3F39AAEE04E7CFF6B3FEC31;
		};
		2B68A30DFF2CBDEB7FEF365E = {
			isa = PBXBuildFile;
			fileRef = 70C248FF8C3B773ACB9CDF0F;
		};
		2647DD4ABD7C28CDE1727139 = {
			isa = PBXBuildFile;
			fileRef = F003A326260B6ADD8F1BC891;
		};
		3F9637E0EFD78F107310E4FA = {
			isa = PBXBuildFile;
			fileRef = BF9A1A26FFBDD7F183F80D80;
		};
		84B5CFFFC1C42D05942393EC = {
			isa = PBXBuildFile;
			fileRef = 819A00A81908B9029D0BBAC1;
		};
		4AC12365D30DC3B815A2B87C = {
			isa = PBXBuildFile;
			fileRef = EA07D3D24B2E81EB00FEACA2;
		};
		4158E930240F2A1D817F7EE2 = {
			isa = PBXBuildFile;
			fileRef = 220AB4F2A54CB8FD41F67E0B;
		};
		E731076CFA7A742132434472 = {
			isa = PBXBuildFile;
			fileRef = 133908D7BCD9165C19009F88;
		};
		CEEBD709A0AF359CE655A1E8 = {
			isa = PBXBuildFile;
			fileRef = BBC630B3F12255E816BFB90C;
		};
		3BC5F398093EA54A715DD7C7 = {
			isa = PBXBuildFile;
			fileRef = 4FAF6D1835E104B7A8CB8538;
		};
		DC421B73EE6C4E89418DFB85 = {
			isa = PBXBuildFile;
			fileRef = 140C6AF4C050CB03A0E4A435;
		};
		B82FEDF6C83CDE52534781A3 = {
			isa = PBXBuildFile;
			fileRef = 1D3B54642C9EF0DBDE4F9E01;
		};
		FF53B51E8CAE4FEADEEC3FAE = {
			isa = PBXBuildFile;
			fileRef = A8521329B271C4B266F742E5;
		};
		99E4896E108A67FF61EE2C9C = {
			isa = PBXBuildFile;
			fileRef = 6F9FAFFE56AEED93D577A4D4;
		};
		65B33C79C22B86074C5BC34D = {
			isa = PBXBuildFile;
			fileRef = 29EC9C1B40252527093630B0;
		};
		09AA742DE453BF18E9B8C490 = {
			isa = PBXBuildFile;
			fileRef = D3F366619325A6F41BAAEFB4;
		};
		B5A19BB9C61790A261897965 = {
			isa = PBXBuildFile;
			fileRef = ACC85E02773BDD55DA31CC98;
		};
		1168A816F9F9BC9750B1B95E = {
			isa = PBXBuildFile;
			fileRef = 747341B2FCC7CFF5BE58AAEC;
		};
		90E9FD60EBB3449726B42281 = {
			isa = PBXBuildFile;
			fileRef = E7EBBEC31562D0411E6761B6;
		};
		3B4F897CEE2979BBE0A00EF8 = {
			isa = PBXBuildFile;
			fileRef = 9805ABD3E1D800D7F4D798C7;
		};
		253EFEC3172B1B1F3ABBA86C = {
			isa = PBXBuildFile;
			fileRef = EE2BDAE5A6F19A62771CC1DF;
		};
		340EAD349FE2ACFADE92E3A8 = {
			isa = PBXBuildFile;
			fileRef = 4CEC5EEF60576430AEF4622F;
		};
		DC3F79EAEF11B76ACB86073F = {
			isa = PBXBuildFile;
			fileRef = 1F5792D9684B8627E5DAFF19;
		};
		002D155B03F894BC556C45B5 = {
			isa = PBXBuildFile;
			fileRef = 1D4A3293ADBF3FB76B45CCA8;
		};
		66276ABB984F67789A0497BE = {
			isa = PBXBuildFile;
			fileRef = 24387E83EFBA53689817AB55;
		};
		9EF300BFF2174AAF577CA513 = {
			isa = PBXBuildFile;
			fileRef = EF2798C71DEC1B41E233BBED;
		};
		50EE83D8FF5607AB3D66036D = {
			isa = PBXBuildFile;
			fileRef = 9E4097189CA2B256E9A1BDFF;
		};
		2D2A3EEFDD8D6823B7437F37 = {
			isa = PBXBuildFile;
			fileRef = 4407084C9E17FAF60F6A15A5;
		};
		00DE785E34DD88C0836EF9C0 = {
			isa = PBXFileReference;
			lastKnownFileType = sourcecode.c.h;
			name = Oscillators.h;
			path = ../../Source/Oscillators.h;
			sourceTree = "SOURCE_ROOT";
		};
		02AAA4F638CFE728EA7172BB = {
			isa = PBXFileReference;
			lastKnownFileType = file;
			name = "juce_core";
			path = "~/JUCE/modules/juce_core";
			sourceTree = "<absolute>";
		};
		04CB232FDF8D285C9BB8A81F = {
			isa = PBXFileReference;
			lastKnownFileType = file;
			name = "juce_data_structures";
			path = "~/JUCE/modules/juce_data_structures";
			sourceTree = "<absolute>";
		};
		08BFCF477447E63B1DA4539A = {
			isa = PBXFileReference;
			lastKnownFileType = sourcecode.c.h;
			name = OtherLookAndFeel.h;
			path = ../../Source/OtherLookAndFeel.h;
			sourceTree = "SOURCE_ROOT";
		};
		08E899C5B5206B129D93E5EF = {
			isa = PBXFileReference;
			lastKnownFileType = sourcecode.c.h;
			name = JucePluginDefines.h;
			path = ../../JuceLibraryCode/JucePluginDefines.h;
			sourceTree = "SOURCE_ROOT";
		};
		1009C300A2996671E8BEA523 = {
			isa = PBXFileReference;
			lastKnownFileType = text.plist.xml;
			name = "Info-AU.plist";
			path = "Info-AU.plist";
			sourceTree = "SOURCE_ROOT";
		};
		133908D7BCD9165C19009F88 = {
			isa = PBXFileReference;
			lastKnownFileType = sourcecode.cpp.objcpp;
			name = "include_juce_audio_basics.mm";
			path = "../../JuceLibraryCode/include_juce_audio_basics.mm";
			sourceTree = "SOURCE_ROOT";
		};
		140C6AF4C050CB03A0E4A435 = {
			isa = PBXFileReference;
			lastKnownFileType = file.r;
			name = "include_juce_audio_plugin_client_AU.r";
			path = "../../JuceLibraryCode/include_juce_audio_plugin_client_AU.r";
			sourceTree = "SOURCE_ROOT";
		};
		1D3B54642C9EF0DBDE4F9E01 = {
			isa = PBXFileReference;
			lastKnownFileType = sourcecode.cpp.objcpp;
			name = "include_juce_audio_plugin_client_AU_1.mm";
			path = "../../JuceLibraryCode/include_juce_audio_plugin_client_AU_1.mm";
			sourceTree = "SOURCE_ROOT";
		};
		1D4A3293ADBF3FB76B45CCA8 = {
			isa = PBXFileReference;
			lastKnownFileType = sourcecode.cpp.objcpp;
			name = "include_juce_events.mm";
			path = "../../JuceLibraryCode/include_juce_events.mm";
			sourceTree = "SOURCE_ROOT";
		};
		1EDF85E4780629C2725041F5 = {
			isa = PBXFileReference;
			lastKnownFileType = text.plist.xml;
			name = "Info-Standalone_Plugin.plist";
			path = "Info-Standalone_Plugin.plist";
			sourceTree = "SOURCE_ROOT";
		};
		1F5792D9684B8627E5DAFF19 = {
			isa = PBXFileReference;
			lastKnownFileType = sourcecode.cpp.objcpp;
			name = "include_juce_dsp.mm";
			path = "../../JuceLibraryCode/include_juce_dsp.mm";
			sourceTree = "SOURCE_ROOT";
		};
		21D38329FBA91555108D5A32 = {
			isa = PBXFileReference;
			lastKnownFileType = wrapper.framework;
			name = IOKit.framework;
			path = System/Library/Frameworks/IOKit.framework;
			sourceTree = SDKROOT;
		};
		220AB4F2A54CB8FD41F67E0B = {
			isa = PBXFileReference;
			lastKnownFileType = sourcecode.cpp.cpp;
			name = OtherLookAndFeel.cpp;
			path = ../../Source/OtherLookAndFeel.cpp;
			sourceTree = "SOURCE_ROOT";
		};
		24387E83EFBA53689817AB55 = {
			isa = PBXFileReference;
			lastKnownFileType = sourcecode.cpp.objcpp;
			name = "include_juce_graphics.mm";
			path = "../../JuceLibraryCode/include_juce_graphics.mm";
			sourceTree = "SOURCE_ROOT";
		};
		27BAC4B7510CC86CB54D361E = {
			isa = PBXFileReference;
			lastKnownFileType = file;
			name = "juce_audio_formats";
			path = "~/JUCE/modules/juce_audio_formats";
			sourceTree = "<absolute>";
		};
		283C1E9CF249C138AD809623 = {
			isa = PBXFileReference;
			lastKnownFileType = sourcecode.c.h;
			name = Modifiers.h;
			path = ../../Source/Modifiers.h;
			sourceTree = "SOURCE_ROOT";
		};
		290F30D1C3EFD9A748C3808D = {
			isa = PBXFileReference;
			lastKnownFileType = wrapper.framework;
			name = Cocoa.framework;
			path = System/Library/Frameworks/Cocoa.framework;
			sourceTree = SDKROOT;
		};
		29EC9C1B40252527093630B0 = {
			isa = PBXFileReference;
			lastKnownFileType = sourcecode.cpp.cpp;
			name = "include_juce_audio_plugin_client_utils.cpp";
			path = "../../JuceLibraryCode/include_juce_audio_plugin_client_utils.cpp";
			sourceTree = "SOURCE_ROOT";
		};
		2C717FE72A78160855F54D76 = {
			isa = PBXFileReference;
			lastKnownFileType = wrapper.framework;
			name = OpenGL.framework;
			path = System/Library/Frameworks/OpenGL.framework;
			sourceTree = SDKROOT;
		};
		2E715E901D61F9A9DD21BF1A = {
			isa = PBXFileReference;
			lastKnownFileType = file;
			name = "juce_gui_basics";
			path = "~/JUCE/modules/juce_gui_basics";
			sourceTree = "<absolute>";
		};
		3B3863A43FA91F3F9AD711A3 = {
			isa = PBXFileReference;
			lastKnownFileType = sourcecode.cpp.cpp;
			name = Modifiers.cpp;
			path = ../../Source/Modifiers.cpp;
			sourceTree = "SOURCE_ROOT";
		};
		3F214979A36613DAA820605E = {
			isa = PBXFileReference;
			lastKnownFileType = sourcecode.c.h;
			name = PluginEditor.h;
			path = ../../Source/PluginEditor.h;
			sourceTree = "SOURCE_ROOT";
		};
		4407084C9E17FAF60F6A15A5 = {
			isa = PBXFileReference;
			lastKnownFileType = sourcecode.cpp.objcpp;
			name = "include_juce_opengl.mm";
			path = "../../JuceLibraryCode/include_juce_opengl.mm";
			sourceTree = "SOURCE_ROOT";
		};
		46BA4B4849442D06CEAFD784 = {
			isa = PBXFileReference;
			lastKnownFileType = sourcecode.c.h;
			name = SubOscillator.h;
			path = ../../Source/SubOscillator.h;
			sourceTree = "SOURCE_ROOT";
		};
		471750BF62AD662498BFEB33 = {
			isa = PBXFileReference;
			lastKnownFileType = sourcecode.c.h;
			name = SynthesiserStarting.h;
			path = ../../Source/SynthesiserStarting.h;
			sourceTree = "SOURCE_ROOT";
		};
		4E019B5DA2D9A94FCEDB7995 = {
			isa = PBXFileReference;
			lastKnownFileType = wrapper.framework;
			name = AudioToolbox.framework;
			path = System/Library/Frameworks/AudioToolbox.framework;
			sourceTree = SDKROOT;
		};
		50FC7A9479DB1468A4513025 = {
			isa = PBXFileReference;
			explicitFileType = wrapper.cfbundle;
			includeInIndex = 0;
			path = DirtyLittleBassSynth.vst3;
			sourceTree = "BUILT_PRODUCTS_DIR";
		};
		80D678DF8FF0D819181EA5FD = {
			isa = PBXFileReference;
			explicitFileType = wrapper.cfbundle;
			includeInIndex = 0;
			path = DirtyLittleBassSynth.component;
			sourceTree = "BUILT_PRODUCTS_DIR";
		};
		06965FF9FB44765C70DD6DC0 = {
			isa = PBXFileReference;
			explicitFileType = wrapper.application;
			includeInIndex = 0;
			path = DirtyLittleBassSynth.app;
			sourceTree = "BUILT_PRODUCTS_DIR";
		};
		43144C7A6A05FA7C871EAD6B = {
			isa = PBXFileReference;
			lastKnownFileType = wrapper.framework;
			name = Carbon.framework;
			path = System/Library/Frameworks/Carbon.framework;
			sourceTree = SDKROOT;
		};
		489FAF54E03CD747AFAD5353 = {
			isa = PBXFileReference;
			lastKnownFileType = wrapper.framework;
			name = CoreAudio.framework;
			path = System/Library/Frameworks/CoreAudio.framework;
			sourceTree = SDKROOT;
		};
		4CEC5EEF60576430AEF4622F = {
			isa = PBXFileReference;
			lastKnownFileType = sourcecode.cpp.objcpp;
			name = "include_juce_data_structures.mm";
			path = "../../JuceLibraryCode/include_juce_data_structures.mm";
			sourceTree = "SOURCE_ROOT";
		};
		4FAF6D1835E104B7A8CB8538 = {
			isa = PBXFileReference;
			lastKnownFileType = sourcecode.cpp.objcpp;
			name = "include_juce_audio_formats.mm";
			path = "../../JuceLibraryCode/include_juce_audio_formats.mm";
			sourceTree = "SOURCE_ROOT";
		};
		50ED4515361EC4C628B3B31F = {
			isa = PBXFileReference;
			explicitFileType = archive.ar;
			includeInIndex = 0;
			path = libDirtyLittleBassSynth.a;
			sourceTree = "BUILT_PRODUCTS_DIR";
		};
		51C957420B61FB98B8F3B6D8 = {
			isa = PBXFileReference;
			lastKnownFileType = file.nib;
			name = RecentFilesMenuTemplate.nib;
			path = RecentFilesMenuTemplate.nib;
			sourceTree = "SOURCE_ROOT";
		};
		551500A26DC5FFBC4274F100 = {
			isa = PBXFileReference;
			lastKnownFileType = file;
			name = "juce_audio_processors";
			path = "~/JUCE/modules/juce_audio_processors";
			sourceTree = "<absolute>";
		};
		568088CE07FB91ADB0681048 = {
			isa = PBXFileReference;
			lastKnownFileType = file;
			name = "juce_opengl";
			path = "~/JUCE/modules/juce_opengl";
			sourceTree = "<absolute>";
		};
		56812DCB847CEB08E639D827 = {
			isa = PBXFileReference;
			lastKnownFileType = sourcecode.c.h;
			name = PluginProcessor.h;
			path = ../../Source/PluginProcessor.h;
			sourceTree = "SOURCE_ROOT";
		};
		599F6106B32CC10583712D51 = {
			isa = PBXFileReference;
			lastKnownFileType = wrapper.framework;
			name = DiscRecording.framework;
			path = System/Library/Frameworks/DiscRecording.framework;
			sourceTree = SDKROOT;
		};
		5FE7CD9ACA594D72E308BEDC = {
			isa = PBXFileReference;
			lastKnownFileType = sourcecode.c.h;
			name = DryWet.h;
			path = ../../Source/DryWet.h;
			sourceTree = "SOURCE_ROOT";
		};
		6349FC79F2EF0E963AEC6540 = {
			isa = PBXFileReference;
			lastKnownFileType = sourcecode.cpp.cpp;
			name = OscillatorParameterControls.cpp;
			path = ../../Source/OscillatorParameterControls.cpp;
			sourceTree = "SOURCE_ROOT";
		};
		6BE2FED0D3CACE4B8CB9D833 = {
			isa = PBXFileReference;
			lastKnownFileType = wrapper.framework;
			name = QuartzCore.framework;
			path = System/Library/Frameworks/QuartzCore.framework;
			sourceTree = SDKROOT;
		};
		6F9FAFFE56AEED93D577A4D4 = {
			isa = PBXFileReference;
			lastKnownFileType = sourcecode.cpp.cpp;
			name = "include_juce_audio_plugin_client_Standalone.cpp";
			path = "../../JuceLibraryCode/include_juce_audio_plugin_client_Standalone.cpp";
			sourceTree = "SOURCE_ROOT";
		};
		70C248FF8C3B773ACB9CDF0F = {
			isa = PBXFileReference;
			lastKnownFileType = sourcecode.cpp.cpp;
			name = Wavetable.cpp;
			path = ../../Source/Wavetable.cpp;
			sourceTree = "SOURCE_ROOT";
		};
		740C97BE42580A81726801A7 = {
			isa = PBXFileReference;
			lastKnownFileType = wrapper.framework;
			name = CoreAudioKit.framework;
			path = System/Library/Frameworks/CoreAudioKit.framework;
			sourceTree = SDKROOT;
		};
		747341B2FCC7CFF5BE58AAEC = {
			isa = PBXFileReference;
			lastKnownFileType = sourcecode.cpp.objcpp;
			name = "include_juce_audio_processors.mm";
			path = "../../JuceLibraryCode/include_juce_audio_processors.mm";
			sourceTree = "SOURCE_ROOT";
		};
		78D6FBA3CC083E355906727F = {
			isa = PBXFileReference;
			lastKnownFileType = text.plist.xml;
			name = "Info-VST3.plist";
			path = "Info-VST3.plist";
			sourceTree = "SOURCE_ROOT";
		};
		7DFB920CACE00818D11867ED = {
			isa = PBXFileReference;
			lastKnownFileType = sourcecode.c.h;
			name = SectionBackgroundFiller.h;
			path = ../../Source/SectionBackgroundFiller.h;
			sourceTree = "SOURCE_ROOT";
		};
		819A00A81908B9029D0BBAC1 = {
			isa = PBXFileReference;
			lastKnownFileType = sourcecode.cpp.cpp;
			name = SubsectionGUI.cpp;
			path = ../../Source/SubsectionGUI.cpp;
			sourceTree = "SOURCE_ROOT";
		};
		822AE188EF501E58D5BBFB9F = {
			isa = PBXFileReference;
			lastKnownFileType = file;
			name = "juce_events";
			path = "~/JUCE/modules/juce_events";
			sourceTree = "<absolute>";
		};
		8C5CD9FDDC7A6AE70E386606 = {
			isa = PBXFileReference;
			lastKnownFileType = file;
			name = "juce_dsp";
			path = "~/JUCE/modules/juce_dsp";
			sourceTree = "<absolute>";
		};
		8EE763F46084181D44EC5646 = {
			isa = PBXFileReference;
			lastKnownFileType = sourcecode.c.h;
			name = AppConfig.h;
			path = ../../JuceLibraryCode/AppConfig.h;
			sourceTree = "SOURCE_ROOT";
		};
		9068D459E313E8458798DBC1 = {
			isa = PBXFileReference;
			lastKnownFileType = sourcecode.cpp.cpp;
			name = PluginProcessor.cpp;
			path = ../../Source/PluginProcessor.cpp;
			sourceTree = "SOURCE_ROOT";
		};
		932A7AE99BC5ED8D68D5FD7A = {
			isa = PBXFileReference;
			lastKnownFileType = file;
			name = "juce_audio_plugin_client";
			path = "~/JUCE/modules/juce_audio_plugin_client";
			sourceTree = "<absolute>";
		};
		93522D4AF8EAB611B7F9EA84 = {
			isa = PBXFileReference;
			lastKnownFileType = sourcecode.c.h;
			name = FilterSection.h;
			path = ../../Source/FilterSection.h;
			sourceTree = "SOURCE_ROOT";
		};
		97A58AAE627F2C41B9149F0D = {
			isa = PBXFileReference;
			lastKnownFileType = file;
			name = "juce_cryptography";
			path = "~/JUCE/modules/juce_cryptography";
			sourceTree = "<absolute>";
		};
		9805ABD3E1D800D7F4D798C7 = {
			isa = PBXFileReference;
			lastKnownFileType = sourcecode.cpp.objcpp;
			name = "include_juce_core.mm";
			path = "../../JuceLibraryCode/include_juce_core.mm";
			sourceTree = "SOURCE_ROOT";
		};
		9813EE10F0150175C6CDE2D0 = {
			isa = PBXFileReference;
			lastKnownFileType = sourcecode.c.h;
			name = Wavetable.h;
			path = ../../Source/Wavetable.h;
			sourceTree = "SOURCE_ROOT";
		};
		9CA42564903BC16C4698BDF5 = {
			isa = PBXFileReference;
			lastKnownFileType = sourcecode.cpp.cpp;
			name = Oscillators.cpp;
			path = ../../Source/Oscillators.cpp;
			sourceTree = "SOURCE_ROOT";
		};
		9E4097189CA2B256E9A1BDFF = {
			isa = PBXFileReference;
			lastKnownFileType = sourcecode.cpp.objcpp;
			name = "include_juce_gui_extra.mm";
			path = "../../JuceLibraryCode/include_juce_gui_extra.mm";
			sourceTree = "SOURCE_ROOT";
		};
		A105DA7E4999E2B8DBE5BBE0 = {
			isa = PBXFileReference;
			lastKnownFileType = file;
			name = "juce_audio_devices";
			path = "~/JUCE/modules/juce_audio_devices";
			sourceTree = "<absolute>";
		};
		A3B3476C37668E26919A514A = {
			isa = PBXFileReference;
			lastKnownFileType = sourcecode.c.h;
			name = SubsectionGUI.h;
			path = ../../Source/SubsectionGUI.h;
			sourceTree = "SOURCE_ROOT";
		};
		A4A999EAD1C49852AC097893 = {
			isa = PBXFileReference;
			lastKnownFileType = sourcecode.c.h;
			name = JuceHeader.h;
			path = ../../JuceLibraryCode/JuceHeader.h;
			sourceTree = "SOURCE_ROOT";
		};
		A8521329B271C4B266F742E5 = {
			isa = PBXFileReference;
			lastKnownFileType = sourcecode.cpp.objcpp;
			name = "include_juce_audio_plugin_client_AU_2.mm";
			path = "../../JuceLibraryCode/include_juce_audio_plugin_client_AU_2.mm";
			sourceTree = "SOURCE_ROOT";
		};
		ACBDBA9EA6B2EDEFE9D57221 = {
			isa = PBXFileReference;
			lastKnownFileType = file;
			name = "juce_audio_utils";
			path = "~/JUCE/modules/juce_audio_utils";
			sourceTree = "<absolute>";
		};
		ACC85E02773BDD55DA31CC98 = {
			isa = PBXFileReference;
			lastKnownFileType = sourcecode.cpp.cpp;
			name = "include_juce_audio_plugin_client_VST3.cpp";
			path = "../../JuceLibraryCode/include_juce_audio_plugin_client_VST3.cpp";
			sourceTree = "SOURCE_ROOT";
		};
		B2BF3A6BCC21E1F87FD752B0 = {
			isa = PBXFileReference;
			lastKnownFileType = file;
			name = "juce_gui_extra";
			path = "~/JUCE/modules/juce_gui_extra";
			sourceTree = "<absolute>";
		};
		B9E78CF438AD9C88AAA14283 = {
			isa = PBXFileReference;
			lastKnownFileType = sourcecode.cpp.cpp;
			name = FilterSection.cpp;
			path = ../../Source/FilterSection.cpp;
			sourceTree = "SOURCE_ROOT";
		};
		BBC630B3F12255E816BFB90C = {
			isa = PBXFileReference;
			lastKnownFileType = sourcecode.cpp.objcpp;
			name = "include_juce_audio_devices.mm";
			path = "../../JuceLibraryCode/include_juce_audio_devices.mm";
			sourceTree = "SOURCE_ROOT";
		};
		BEB79ECC375412F3FC3EDFD4 = {
			isa = PBXFileReference;
			lastKnownFileType = sourcecode.cpp.cpp;
			name = SynthesiserStarting.cpp;
			path = ../../Source/SynthesiserStarting.cpp;
			sourceTree = "SOURCE_ROOT";
		};
		BF9A1A26FFBDD7F183F80D80 = {
			isa = PBXFileReference;
			lastKnownFileType = sourcecode.cpp.cpp;
			name = OscVisual.cpp;
			path = ../../Source/OscVisual.cpp;
			sourceTree = "SOURCE_ROOT";
		};
		D056DE06493E1707112D72D8 = {
			isa = PBXFileReference;
			lastKnownFileType = wrapper.framework;
			name = CoreMIDI.framework;
			path = System/Library/Frameworks/CoreMIDI.framework;
			sourceTree = SDKROOT;
		};
		D3E7373A351E2CE0BEC48E79 = {
			isa = PBXFileReference;
			lastKnownFileType = wrapper.framework;
			name = Foundation.framework;
			path = System/Library/Frameworks/Foundation.framework;
			sourceTree = SDKROOT;
		};
		D3F366619325A6F41BAAEFB4 = {
			isa = PBXFileReference;
			lastKnownFileType = sourcecode.cpp.objcpp;
			name = "include_juce_audio_plugin_client_VST_utils.mm";
			path = "../../JuceLibraryCode/include_juce_audio_plugin_client_VST_utils.mm";
			sourceTree = "SOURCE_ROOT";
		};
		D3F39AAEE04E7CFF6B3FEC31 = {
			isa = PBXFileReference;
			lastKnownFileType = sourcecode.cpp.cpp;
			name = SubOscillator.cpp;
			path = ../../Source/SubOscillator.cpp;
			sourceTree = "SOURCE_ROOT";
		};
		D44A7A86C7B1DB91FA01D5D4 = {
			isa = PBXFileReference;
			lastKnownFileType = file;
			name = "juce_audio_basics";
			path = "~/JUCE/modules/juce_audio_basics";
			sourceTree = "<absolute>";
		};
		D4AC306EFBB4D8734C8726A1 = {
			isa = PBXFileReference;
			lastKnownFileType = sourcecode.c.h;
			name = OscillatorParameterControls.h;
			path = ../../Source/OscillatorParameterControls.h;
			sourceTree = "SOURCE_ROOT";
		};
		D577C6F25C1F63A648F43344 = {
			isa = PBXFileReference;
			lastKnownFileType = sourcecode.cpp.cpp;
			name = DryWet.cpp;
			path = ../../Source/DryWet.cpp;
			sourceTree = "SOURCE_ROOT";
		};
		DDE20B356E5850FC0446EF96 = {
			isa = PBXFileReference;
			lastKnownFileType = wrapper.framework;
			name = AudioUnit.framework;
			path = System/Library/Frameworks/AudioUnit.framework;
			sourceTree = SDKROOT;
		};
		E2588FA941F3AD250B624E07 = {
			isa = PBXFileReference;
			lastKnownFileType = wrapper.framework;
			name = Accelerate.framework;
			path = System/Library/Frameworks/Accelerate.framework;
			sourceTree = SDKROOT;
		};
		E3DD7E7E792FBE3572BC31A2 = {
			isa = PBXFileReference;
			lastKnownFileType = file;
			name = "juce_graphics";
			path = "~/JUCE/modules/juce_graphics";
			sourceTree = "<absolute>";
		};
		E433EF0E25C0B3621EC905B1 = {
			isa = PBXFileReference;
			lastKnownFileType = wrapper.framework;
			name = WebKit.framework;
			path = System/Library/Frameworks/WebKit.framework;
			sourceTree = SDKROOT;
		};
		E7EBBEC31562D0411E6761B6 = {
			isa = PBXFileReference;
			lastKnownFileType = sourcecode.cpp.objcpp;
			name = "include_juce_audio_utils.mm";
			path = "../../JuceLibraryCode/include_juce_audio_utils.mm";
			sourceTree = "SOURCE_ROOT";
		};
		E94356D804D2E04238DB6E85 = {
			isa = PBXFileReference;
			lastKnownFileType = sourcecode.c.h;
			name = OscVisual.h;
			path = ../../Source/OscVisual.h;
			sourceTree = "SOURCE_ROOT";
		};
		EA07D3D24B2E81EB00FEACA2 = {
			isa = PBXFileReference;
			lastKnownFileType = sourcecode.cpp.cpp;
			name = SectionBackgroundFiller.cpp;
			path = ../../Source/SectionBackgroundFiller.cpp;
			sourceTree = "SOURCE_ROOT";
		};
		EE2BDAE5A6F19A62771CC1DF = {
			isa = PBXFileReference;
			lastKnownFileType = sourcecode.cpp.objcpp;
			name = "include_juce_cryptography.mm";
			path = "../../JuceLibraryCode/include_juce_cryptography.mm";
			sourceTree = "SOURCE_ROOT";
		};
		EF2798C71DEC1B41E233BBED = {
			isa = PBXFileReference;
			lastKnownFileType = sourcecode.cpp.objcpp;
			name = "include_juce_gui_basics.mm";
			path = "../../JuceLibraryCode/include_juce_gui_basics.mm";
			sourceTree = "SOURCE_ROOT";
		};
		F003A326260B6ADD8F1BC891 = {
			isa = PBXFileReference;
			lastKnownFileType = sourcecode.cpp.cpp;
			name = PluginEditor.cpp;
			path = ../../Source/PluginEditor.cpp;
			sourceTree = "SOURCE_ROOT";
		};
		94D69CCDFC39848A1B941D5F = {
			isa = PBXGroup;
			children = (
				9068D459E313E8458798DBC1,
				56812DCB847CEB08E639D827,
				BEB79ECC375412F3FC3EDFD4,
				471750BF62AD662498BFEB33,
				D577C6F25C1F63A648F43344,
				5FE7CD9ACA594D72E308BEDC,
				B9E78CF438AD9C88AAA14283,
				93522D4AF8EAB611B7F9EA84,
				3B3863A43FA91F3F9AD711A3,
				283C1E9CF249C138AD809623,
				6349FC79F2EF0E963AEC6540,
				D4AC306EFBB4D8734C8726A1,
				9CA42564903BC16C4698BDF5,
				00DE785E34DD88C0836EF9C0,
				D3F39AAEE04E7CFF6B3FEC31,
				46BA4B4849442D06CEAFD784,
				70C248FF8C3B773ACB9CDF0F,
				9813EE10F0150175C6CDE2D0,
				F003A326260B6ADD8F1BC891,
				3F214979A36613DAA820605E,
				BF9A1A26FFBDD7F183F80D80,
				E94356D804D2E04238DB6E85,
				819A00A81908B9029D0BBAC1,
				A3B3476C37668E26919A514A,
				EA07D3D24B2E81EB00FEACA2,
				7DFB920CACE00818D11867ED,
				220AB4F2A54CB8FD41F67E0B,
				08BFCF477447E63B1DA4539A,
			);
			name = Source;
			sourceTree = "<group>";
		};
		82A1AC3013C1771DE928D683 = {
			isa = PBXGroup;
			children = (
				94D69CCDFC39848A1B941D5F,
			);
			name = DirtyLittleBassSynth;
			sourceTree = "<group>";
		};
		4CEAE29C8A78CF4A64B0AA55 = {
			isa = PBXGroup;
			children = (
				D44A7A86C7B1DB91FA01D5D4,
				A105DA7E4999E2B8DBE5BBE0,
				27BAC4B7510CC86CB54D361E,
				932A7AE99BC5ED8D68D5FD7A,
				551500A26DC5FFBC4274F100,
				ACBDBA9EA6B2EDEFE9D57221,
				02AAA4F638CFE728EA7172BB,
				97A58AAE627F2C41B9149F0D,
				04CB232FDF8D285C9BB8A81F,
				8C5CD9FDDC7A6AE70E386606,
				822AE188EF501E58D5BBFB9F,
				E3DD7E7E792FBE3572BC31A2,
				2E715E901D61F9A9DD21BF1A,
				B2BF3A6BCC21E1F87FD752B0,
				568088CE07FB91ADB0681048,
			);
			name = "JUCE Modules";
			sourceTree = "<group>";
		};
		B23EBDBD96BF2B4B5D4DC85E = {
			isa = PBXGroup;
			children = (
				8EE763F46084181D44EC5646,
				133908D7BCD9165C19009F88,
				BBC630B3F12255E816BFB90C,
				4FAF6D1835E104B7A8CB8538,
				140C6AF4C050CB03A0E4A435,
				1D3B54642C9EF0DBDE4F9E01,
				A8521329B271C4B266F742E5,
				6F9FAFFE56AEED93D577A4D4,
				29EC9C1B40252527093630B0,
				D3F366619325A6F41BAAEFB4,
				ACC85E02773BDD55DA31CC98,
				747341B2FCC7CFF5BE58AAEC,
				E7EBBEC31562D0411E6761B6,
				9805ABD3E1D800D7F4D798C7,
				EE2BDAE5A6F19A62771CC1DF,
				4CEC5EEF60576430AEF4622F,
				1F5792D9684B8627E5DAFF19,
				1D4A3293ADBF3FB76B45CCA8,
				24387E83EFBA53689817AB55,
				EF2798C71DEC1B41E233BBED,
				9E4097189CA2B256E9A1BDFF,
				4407084C9E17FAF60F6A15A5,
				A4A999EAD1C49852AC097893,
				08E899C5B5206B129D93E5EF,
			);
			name = "JUCE Library Code";
			sourceTree = "<group>";
		};
		855F5A3C6DE2B251779D030A = {
			isa = PBXGroup;
			children = (
				78D6FBA3CC083E355906727F,
				1009C300A2996671E8BEA523,
				1EDF85E4780629C2725041F5,
				51C957420B61FB98B8F3B6D8,
			);
			name = Resources;
			sourceTree = "<group>";
		};
		A97432F10F0D2124EB6C3529 = {
			isa = PBXGroup;
			children = (
				DDE20B356E5850FC0446EF96,
				E2588FA941F3AD250B624E07,
				4E019B5DA2D9A94FCEDB7995,
				43144C7A6A05FA7C871EAD6B,
				290F30D1C3EFD9A748C3808D,
				489FAF54E03CD747AFAD5353,
				740C97BE42580A81726801A7,
				D056DE06493E1707112D72D8,
				599F6106B32CC10583712D51,
				D3E7373A351E2CE0BEC48E79,
				21D38329FBA91555108D5A32,
				2C717FE72A78160855F54D76,
				6BE2FED0D3CACE4B8CB9D833,
				E433EF0E25C0B3621EC905B1,
			);
			name = Frameworks;
			sourceTree = "<group>";
		};
		CB419329F0476E8297360AFC = {
			isa = PBXGroup;
			children = (
				50FC7A9479DB1468A4513025,
				80D678DF8FF0D819181EA5FD,
				06965FF9FB44765C70DD6DC0,
				50ED4515361EC4C628B3B31F,
			);
			name = Products;
			sourceTree = "<group>";
		};
		74ABA71629C3A79BE567C39C = {
			isa = PBXGroup;
			children = (
				82A1AC3013C1771DE928D683,
				4CEAE29C8A78CF4A64B0AA55,
				B23EBDBD96BF2B4B5D4DC85E,
				855F5A3C6DE2B251779D030A,
				A97432F10F0D2124EB6C3529,
				CB419329F0476E8297360AFC,
			);
			name = Source;
			sourceTree = "<group>";
		};
		90C233363DC7444A3EEA9491 = {
			isa = PBXTargetDependency;
			target = 60E59CAE82A7EC115C9BB9CE;
		};
		1AD82D1947122957F945EF54 = {
			isa = PBXTargetDependency;
			target = E879D0996AAC694DAE07FBB5;
		};
		2D50BEA5524D7B9A6E8C19E5 = {
			isa = PBXTargetDependency;
			target = FDF137CB3FB73217AEB005BF;
		};
		DC6B114BCB659E1495ECE7C7 = {
			isa = PBXTargetDependency;
			target = A33DDFCBF1BD7918D72D378A;
		};
		857677EFDC97F57A5A3F5B5B = {
			isa = PBXTargetDependency;
			target = A33DDFCBF1BD7918D72D378A;
		};
		B63D0EED13CA6F4F6960D07B = {
			isa = PBXTargetDependency;
			target = A33DDFCBF1BD7918D72D378A;
		};
		E61F2AA11C72BCCE7BE5C8CE = {
			isa = PBXTargetDependency;
			target = A33DDFCBF1BD7918D72D378A;
		};
		946165FB072C0E4FD77AB2BC = {
			isa = XCBuildConfiguration;
			buildSettings = {
				MACOSX_DEPLOYMENT_TARGET = 10.11;
				SDKROOT = macosx;
			};
			name = Debug;
		};
		243DB5D6C4D6C7AA8F8C590F = {
			isa = XCBuildConfiguration;
			buildSettings = {
				MACOSX_DEPLOYMENT_TARGET = 10.11;
				SDKROOT = macosx;
			};
			name = Release;
		};
		EC540B116F20FC697E509273 = {
			isa = XCBuildConfiguration;
			buildSettings = {
				CLANG_CXX_LANGUAGE_STANDARD = "c++14";
				CLANG_CXX_LIBRARY = "libc++";
				CLANG_LINK_OBJC_RUNTIME = NO;
				CODE_SIGN_IDENTITY = "";
				COMBINE_HIDPI_IMAGES = YES;
				CONFIGURATION_BUILD_DIR = "$(PROJECT_DIR)/build/$(CONFIGURATION)";
				COPY_PHASE_STRIP = NO;
				DEPLOYMENT_LOCATION = YES;
				DSTROOT = /;
				GCC_DYNAMIC_NO_PIC = NO;
				GCC_OPTIMIZATION_LEVEL = 0;
				GCC_PREPROCESSOR_DEFINITIONS = (
					"_DEBUG=1",
					"DEBUG=1",
					"JUCER_XCODE_MAC_F6D2F4CF=1",
					"JUCE_APP_VERSION=1.0.0",
					"JUCE_APP_VERSION_HEX=0x10000",
					"JucePlugin_Build_VST=0",
					"JucePlugin_Build_VST3=1",
					"JucePlugin_Build_AU=0",
					"JucePlugin_Build_AUv3=0",
					"JucePlugin_Build_RTAS=0",
					"JucePlugin_Build_AAX=0",
					"JucePlugin_Build_Standalone=0",
					"JucePlugin_Build_Unity=0",
				);
				GCC_VERSION = com.apple.compilers.llvm.clang.1_0;
				GENERATE_PKGINFO_FILE = YES;
				HEADER_SEARCH_PATHS = (
					"$(HOME)/JUCE/modules/juce_audio_processors/format_types/VST3_SDK",
					"../../JuceLibraryCode",
					"$(HOME)/JUCE/modules",
					"$(HOME)/JUCE/modules/juce_audio_plugin_client",
					"$(inherited)",
				);
				INFOPLIST_FILE = Info-VST3.plist;
				INFOPLIST_PREPROCESS = NO;
				INSTALL_PATH = "$(HOME)/Library/Audio/Plug-Ins/VST3/";
				LIBRARY_STYLE = Bundle;
				MACOSX_DEPLOYMENT_TARGET = 10.11;
				MTL_HEADER_SEARCH_PATHS = (
					"$(HOME)/JUCE/modules/juce_audio_processors/format_types/VST3_SDK",
					"../../JuceLibraryCode",
					"$(HOME)/JUCE/modules",
					"$(HOME)/JUCE/modules/juce_audio_plugin_client",
				);
				OTHER_LDFLAGS = "-bundle -lDirtyLittleBassSynth";
				PRODUCT_BUNDLE_IDENTIFIER = com.yourcompany.DirtyLittleBassSynth;
				PRODUCT_NAME = "DirtyLittleBassSynth";
				USE_HEADERMAP = NO;
				VALID_ARCHS = "i386 x86_64 arm64 arm64e";
				WRAPPER_EXTENSION = vst3;
			};
			name = Debug;
		};
		3BDCEECDE5BDC142385DF3CE = {
			isa = XCBuildConfiguration;
			buildSettings = {
				CLANG_CXX_LANGUAGE_STANDARD = "c++14";
				CLANG_CXX_LIBRARY = "libc++";
				CLANG_LINK_OBJC_RUNTIME = NO;
				CODE_SIGN_IDENTITY = "";
				COMBINE_HIDPI_IMAGES = YES;
				CONFIGURATION_BUILD_DIR = "$(PROJECT_DIR)/build/$(CONFIGURATION)";
				DEAD_CODE_STRIPPING = YES;
				DEPLOYMENT_LOCATION = YES;
				DSTROOT = /;
				GCC_GENERATE_DEBUGGING_SYMBOLS = NO;
				GCC_OPTIMIZATION_LEVEL = 3;
				GCC_PREPROCESSOR_DEFINITIONS = (
					"_NDEBUG=1",
					"NDEBUG=1",
					"JUCER_XCODE_MAC_F6D2F4CF=1",
					"JUCE_APP_VERSION=1.0.0",
					"JUCE_APP_VERSION_HEX=0x10000",
					"JucePlugin_Build_VST=0",
					"JucePlugin_Build_VST3=1",
					"JucePlugin_Build_AU=0",
					"JucePlugin_Build_AUv3=0",
					"JucePlugin_Build_RTAS=0",
					"JucePlugin_Build_AAX=0",
					"JucePlugin_Build_Standalone=0",
					"JucePlugin_Build_Unity=0",
				);
				GCC_VERSION = com.apple.compilers.llvm.clang.1_0;
				GENERATE_PKGINFO_FILE = YES;
				HEADER_SEARCH_PATHS = (
					"$(HOME)/JUCE/modules/juce_audio_processors/format_types/VST3_SDK",
					"../../JuceLibraryCode",
					"$(HOME)/JUCE/modules",
					"$(HOME)/JUCE/modules/juce_audio_plugin_client",
					"$(inherited)",
				);
				INFOPLIST_FILE = Info-VST3.plist;
				INFOPLIST_PREPROCESS = NO;
				INSTALL_PATH = "$(HOME)/Library/Audio/Plug-Ins/VST3/";
				LIBRARY_STYLE = Bundle;
				LLVM_LTO = YES;
				MACOSX_DEPLOYMENT_TARGET = 10.11;
				MTL_HEADER_SEARCH_PATHS = (
					"$(HOME)/JUCE/modules/juce_audio_processors/format_types/VST3_SDK",
					"../../JuceLibraryCode",
					"$(HOME)/JUCE/modules",
					"$(HOME)/JUCE/modules/juce_audio_plugin_client",
				);
				OTHER_LDFLAGS = "-bundle -lDirtyLittleBassSynth";
				PRODUCT_BUNDLE_IDENTIFIER = com.yourcompany.DirtyLittleBassSynth;
				PRODUCT_NAME = "DirtyLittleBassSynth";
				USE_HEADERMAP = NO;
				VALID_ARCHS = "i386 x86_64 arm64 arm64e";
				WRAPPER_EXTENSION = vst3;
			};
			name = Release;
		};
		B8F346C24A6948BDE79B8FBF = {
			isa = XCBuildConfiguration;
			buildSettings = {
				CLANG_CXX_LANGUAGE_STANDARD = "c++14";
				CLANG_CXX_LIBRARY = "libc++";
				CLANG_LINK_OBJC_RUNTIME = NO;
				CODE_SIGN_IDENTITY = "";
				COMBINE_HIDPI_IMAGES = YES;
				CONFIGURATION_BUILD_DIR = "$(PROJECT_DIR)/build/$(CONFIGURATION)";
				COPY_PHASE_STRIP = NO;
				DEPLOYMENT_LOCATION = YES;
				DSTROOT = /;
				GCC_DYNAMIC_NO_PIC = NO;
				GCC_OPTIMIZATION_LEVEL = 0;
				GCC_PREPROCESSOR_DEFINITIONS = (
					"_DEBUG=1",
					"DEBUG=1",
					"JUCER_XCODE_MAC_F6D2F4CF=1",
					"JUCE_APP_VERSION=1.0.0",
					"JUCE_APP_VERSION_HEX=0x10000",
					"JucePlugin_Build_VST=0",
					"JucePlugin_Build_VST3=0",
					"JucePlugin_Build_AU=1",
					"JucePlugin_Build_AUv3=0",
					"JucePlugin_Build_RTAS=0",
					"JucePlugin_Build_AAX=0",
					"JucePlugin_Build_Standalone=0",
					"JucePlugin_Build_Unity=0",
				);
				GCC_VERSION = com.apple.compilers.llvm.clang.1_0;
				GENERATE_PKGINFO_FILE = YES;
				HEADER_SEARCH_PATHS = (
					"$(HOME)/JUCE/modules/juce_audio_processors/format_types/VST3_SDK",
					"../../JuceLibraryCode",
					"$(HOME)/JUCE/modules",
					"$(HOME)/JUCE/modules/juce_audio_plugin_client",
					"$(inherited)",
				);
				INFOPLIST_FILE = Info-AU.plist;
				INFOPLIST_PREPROCESS = NO;
				INSTALL_PATH = "$(HOME)/Library/Audio/Plug-Ins/Components/";
				LIBRARY_STYLE = Bundle;
				MACOSX_DEPLOYMENT_TARGET = 10.11;
				MTL_HEADER_SEARCH_PATHS = (
					"$(HOME)/JUCE/modules/juce_audio_processors/format_types/VST3_SDK",
					"../../JuceLibraryCode",
					"$(HOME)/JUCE/modules",
					"$(HOME)/JUCE/modules/juce_audio_plugin_client",
				);
				OTHER_LDFLAGS = "-bundle -lDirtyLittleBassSynth";
				OTHER_REZFLAGS = "-d ppc_$ppc -d i386_$i386 -d ppc64_$ppc64 -d x86_64_$x86_64 -I /System/Library/Frameworks/CoreServices.framework/Frameworks/CarbonCore.framework/Versions/A/Headers -I \"$(DEVELOPER_DIR)/Extras/CoreAudio/AudioUnits/AUPublic/AUBase\" -I \"$(DEVELOPER_DIR)/Platforms/MacOSX.platform/Developer/SDKs/MacOSX.sdk/System/Library/Frameworks/AudioUnit.framework/Headers\"";
				PRODUCT_BUNDLE_IDENTIFIER = com.yourcompany.DirtyLittleBassSynth;
				PRODUCT_NAME = "DirtyLittleBassSynth";
				USE_HEADERMAP = NO;
				VALID_ARCHS = "i386 x86_64 arm64 arm64e";
				WRAPPER_EXTENSION = component;
			};
			name = Debug;
		};
		B89AE67D6560999B121E854F = {
			isa = XCBuildConfiguration;
			buildSettings = {
				CLANG_CXX_LANGUAGE_STANDARD = "c++14";
				CLANG_CXX_LIBRARY = "libc++";
				CLANG_LINK_OBJC_RUNTIME = NO;
				CODE_SIGN_IDENTITY = "";
				COMBINE_HIDPI_IMAGES = YES;
				CONFIGURATION_BUILD_DIR = "$(PROJECT_DIR)/build/$(CONFIGURATION)";
				DEAD_CODE_STRIPPING = YES;
				DEPLOYMENT_LOCATION = YES;
				DSTROOT = /;
				GCC_GENERATE_DEBUGGING_SYMBOLS = NO;
				GCC_OPTIMIZATION_LEVEL = 3;
				GCC_PREPROCESSOR_DEFINITIONS = (
					"_NDEBUG=1",
					"NDEBUG=1",
					"JUCER_XCODE_MAC_F6D2F4CF=1",
					"JUCE_APP_VERSION=1.0.0",
					"JUCE_APP_VERSION_HEX=0x10000",
					"JucePlugin_Build_VST=0",
					"JucePlugin_Build_VST3=0",
					"JucePlugin_Build_AU=1",
					"JucePlugin_Build_AUv3=0",
					"JucePlugin_Build_RTAS=0",
					"JucePlugin_Build_AAX=0",
					"JucePlugin_Build_Standalone=0",
					"JucePlugin_Build_Unity=0",
				);
				GCC_VERSION = com.apple.compilers.llvm.clang.1_0;
				GENERATE_PKGINFO_FILE = YES;
				HEADER_SEARCH_PATHS = (
					"$(HOME)/JUCE/modules/juce_audio_processors/format_types/VST3_SDK",
					"../../JuceLibraryCode",
					"$(HOME)/JUCE/modules",
					"$(HOME)/JUCE/modules/juce_audio_plugin_client",
					"$(inherited)",
				);
				INFOPLIST_FILE = Info-AU.plist;
				INFOPLIST_PREPROCESS = NO;
				INSTALL_PATH = "$(HOME)/Library/Audio/Plug-Ins/Components/";
				LIBRARY_STYLE = Bundle;
				LLVM_LTO = YES;
				MACOSX_DEPLOYMENT_TARGET = 10.11;
				MTL_HEADER_SEARCH_PATHS = (
					"$(HOME)/JUCE/modules/juce_audio_processors/format_types/VST3_SDK",
					"../../JuceLibraryCode",
					"$(HOME)/JUCE/modules",
					"$(HOME)/JUCE/modules/juce_audio_plugin_client",
				);
				OTHER_LDFLAGS = "-bundle -lDirtyLittleBassSynth";
				OTHER_REZFLAGS = "-d ppc_$ppc -d i386_$i386 -d ppc64_$ppc64 -d x86_64_$x86_64 -I /System/Library/Frameworks/CoreServices.framework/Frameworks/CarbonCore.framework/Versions/A/Headers -I \"$(DEVELOPER_DIR)/Extras/CoreAudio/AudioUnits/AUPublic/AUBase\" -I \"$(DEVELOPER_DIR)/Platforms/MacOSX.platform/Developer/SDKs/MacOSX.sdk/System/Library/Frameworks/AudioUnit.framework/Headers\"";
				PRODUCT_BUNDLE_IDENTIFIER = com.yourcompany.DirtyLittleBassSynth;
				PRODUCT_NAME = "DirtyLittleBassSynth";
				USE_HEADERMAP = NO;
				VALID_ARCHS = "i386 x86_64 arm64 arm64e";
				WRAPPER_EXTENSION = component;
			};
			name = Release;
		};
		E58A64261CD166B4D94AD016 = {
			isa = XCBuildConfiguration;
			buildSettings = {
				CLANG_CXX_LANGUAGE_STANDARD = "c++14";
				CLANG_CXX_LIBRARY = "libc++";
				CLANG_LINK_OBJC_RUNTIME = NO;
				CODE_SIGN_IDENTITY = "";
				COMBINE_HIDPI_IMAGES = YES;
				CONFIGURATION_BUILD_DIR = "$(PROJECT_DIR)/build/$(CONFIGURATION)";
				COPY_PHASE_STRIP = NO;
				GCC_DYNAMIC_NO_PIC = NO;
				GCC_OPTIMIZATION_LEVEL = 0;
				GCC_PREPROCESSOR_DEFINITIONS = (
					"_DEBUG=1",
					"DEBUG=1",
					"JUCER_XCODE_MAC_F6D2F4CF=1",
					"JUCE_APP_VERSION=1.0.0",
					"JUCE_APP_VERSION_HEX=0x10000",
					"JucePlugin_Build_VST=0",
					"JucePlugin_Build_VST3=0",
					"JucePlugin_Build_AU=0",
					"JucePlugin_Build_AUv3=0",
					"JucePlugin_Build_RTAS=0",
					"JucePlugin_Build_AAX=0",
					"JucePlugin_Build_Standalone=1",
					"JucePlugin_Build_Unity=0",
				);
				GCC_VERSION = com.apple.compilers.llvm.clang.1_0;
				HEADER_SEARCH_PATHS = (
					"$(HOME)/JUCE/modules/juce_audio_processors/format_types/VST3_SDK",
					"../../JuceLibraryCode",
					"$(HOME)/JUCE/modules",
					"$(HOME)/JUCE/modules/juce_audio_plugin_client",
					"$(inherited)",
				);
				INFOPLIST_FILE = Info-Standalone_Plugin.plist;
				INFOPLIST_PREPROCESS = NO;
				MACOSX_DEPLOYMENT_TARGET = 10.11;
				MTL_HEADER_SEARCH_PATHS = (
					"$(HOME)/JUCE/modules/juce_audio_processors/format_types/VST3_SDK",
					"../../JuceLibraryCode",
					"$(HOME)/JUCE/modules",
					"$(HOME)/JUCE/modules/juce_audio_plugin_client",
				);
				OTHER_LDFLAGS = "-lDirtyLittleBassSynth";
				PRODUCT_BUNDLE_IDENTIFIER = com.yourcompany.DirtyLittleBassSynth;
				PRODUCT_NAME = "DirtyLittleBassSynth";
				USE_HEADERMAP = NO;
				VALID_ARCHS = "i386 x86_64 arm64 arm64e";
			};
			name = Debug;
		};
		24591B22B3E22766A738965D = {
			isa = XCBuildConfiguration;
			buildSettings = {
				CLANG_CXX_LANGUAGE_STANDARD = "c++14";
				CLANG_CXX_LIBRARY = "libc++";
				CLANG_LINK_OBJC_RUNTIME = NO;
				CODE_SIGN_IDENTITY = "";
				COMBINE_HIDPI_IMAGES = YES;
				CONFIGURATION_BUILD_DIR = "$(PROJECT_DIR)/build/$(CONFIGURATION)";
				DEAD_CODE_STRIPPING = YES;
				GCC_GENERATE_DEBUGGING_SYMBOLS = NO;
				GCC_OPTIMIZATION_LEVEL = 3;
				GCC_PREPROCESSOR_DEFINITIONS = (
					"_NDEBUG=1",
					"NDEBUG=1",
					"JUCER_XCODE_MAC_F6D2F4CF=1",
					"JUCE_APP_VERSION=1.0.0",
					"JUCE_APP_VERSION_HEX=0x10000",
					"JucePlugin_Build_VST=0",
					"JucePlugin_Build_VST3=0",
					"JucePlugin_Build_AU=0",
					"JucePlugin_Build_AUv3=0",
					"JucePlugin_Build_RTAS=0",
					"JucePlugin_Build_AAX=0",
					"JucePlugin_Build_Standalone=1",
					"JucePlugin_Build_Unity=0",
				);
				GCC_VERSION = com.apple.compilers.llvm.clang.1_0;
				HEADER_SEARCH_PATHS = (
					"$(HOME)/JUCE/modules/juce_audio_processors/format_types/VST3_SDK",
					"../../JuceLibraryCode",
					"$(HOME)/JUCE/modules",
					"$(HOME)/JUCE/modules/juce_audio_plugin_client",
					"$(inherited)",
				);
				INFOPLIST_FILE = Info-Standalone_Plugin.plist;
				INFOPLIST_PREPROCESS = NO;
				LLVM_LTO = YES;
				MACOSX_DEPLOYMENT_TARGET = 10.11;
				MTL_HEADER_SEARCH_PATHS = (
					"$(HOME)/JUCE/modules/juce_audio_processors/format_types/VST3_SDK",
					"../../JuceLibraryCode",
					"$(HOME)/JUCE/modules",
					"$(HOME)/JUCE/modules/juce_audio_plugin_client",
				);
				OTHER_LDFLAGS = "-lDirtyLittleBassSynth";
				PRODUCT_BUNDLE_IDENTIFIER = com.yourcompany.DirtyLittleBassSynth;
				PRODUCT_NAME = "DirtyLittleBassSynth";
				USE_HEADERMAP = NO;
				VALID_ARCHS = "i386 x86_64 arm64 arm64e";
			};
			name = Release;
		};
		F0BCBF7ACED049B82C485626 = {
			isa = XCBuildConfiguration;
			buildSettings = {
				CLANG_CXX_LANGUAGE_STANDARD = "c++14";
				CLANG_CXX_LIBRARY = "libc++";
				CLANG_LINK_OBJC_RUNTIME = NO;
				CODE_SIGN_IDENTITY = "";
				COMBINE_HIDPI_IMAGES = YES;
				CONFIGURATION_BUILD_DIR = "$(PROJECT_DIR)/build/$(CONFIGURATION)";
				COPY_PHASE_STRIP = NO;
				GCC_DYNAMIC_NO_PIC = NO;
				GCC_OPTIMIZATION_LEVEL = 0;
				GCC_PREPROCESSOR_DEFINITIONS = (
					"_DEBUG=1",
					"DEBUG=1",
					"JUCER_XCODE_MAC_F6D2F4CF=1",
					"JUCE_APP_VERSION=1.0.0",
					"JUCE_APP_VERSION_HEX=0x10000",
					"JucePlugin_Build_VST=0",
					"JucePlugin_Build_VST3=1",
					"JucePlugin_Build_AU=1",
					"JucePlugin_Build_AUv3=0",
					"JucePlugin_Build_RTAS=0",
					"JucePlugin_Build_AAX=0",
					"JucePlugin_Build_Standalone=1",
					"JucePlugin_Build_Unity=0",
					"JUCE_SHARED_CODE=1",
				);
				GCC_VERSION = com.apple.compilers.llvm.clang.1_0;
				HEADER_SEARCH_PATHS = (
					"$(HOME)/JUCE/modules/juce_audio_processors/format_types/VST3_SDK",
					"../../JuceLibraryCode",
					"$(HOME)/JUCE/modules",
					"$(HOME)/JUCE/modules/juce_audio_plugin_client",
					"$(inherited)",
				);
				INSTALL_PATH = "@executable_path/../Frameworks";
				MACOSX_DEPLOYMENT_TARGET = 10.11;
				MTL_HEADER_SEARCH_PATHS = (
					"$(HOME)/JUCE/modules/juce_audio_processors/format_types/VST3_SDK",
					"../../JuceLibraryCode",
					"$(HOME)/JUCE/modules",
					"$(HOME)/JUCE/modules/juce_audio_plugin_client",
				);
				PRODUCT_BUNDLE_IDENTIFIER = com.yourcompany.DirtyLittleBassSynth;
				PRODUCT_NAME = "DirtyLittleBassSynth";
				SKIP_INSTALL = YES;
				USE_HEADERMAP = NO;
				VALID_ARCHS = "i386 x86_64 arm64 arm64e";
			};
			name = Debug;
		};
		6D4E094EE6F5DDA12524B1E7 = {
			isa = XCBuildConfiguration;
			buildSettings = {
				CLANG_CXX_LANGUAGE_STANDARD = "c++14";
				CLANG_CXX_LIBRARY = "libc++";
				CLANG_LINK_OBJC_RUNTIME = NO;
				CODE_SIGN_IDENTITY = "";
				COMBINE_HIDPI_IMAGES = YES;
				CONFIGURATION_BUILD_DIR = "$(PROJECT_DIR)/build/$(CONFIGURATION)";
				DEAD_CODE_STRIPPING = YES;
				GCC_GENERATE_DEBUGGING_SYMBOLS = NO;
				GCC_OPTIMIZATION_LEVEL = 3;
				GCC_PREPROCESSOR_DEFINITIONS = (
					"_NDEBUG=1",
					"NDEBUG=1",
					"JUCER_XCODE_MAC_F6D2F4CF=1",
					"JUCE_APP_VERSION=1.0.0",
					"JUCE_APP_VERSION_HEX=0x10000",
					"JucePlugin_Build_VST=0",
					"JucePlugin_Build_VST3=1",
					"JucePlugin_Build_AU=1",
					"JucePlugin_Build_AUv3=0",
					"JucePlugin_Build_RTAS=0",
					"JucePlugin_Build_AAX=0",
					"JucePlugin_Build_Standalone=1",
					"JucePlugin_Build_Unity=0",
					"JUCE_SHARED_CODE=1",
				);
				GCC_VERSION = com.apple.compilers.llvm.clang.1_0;
				HEADER_SEARCH_PATHS = (
					"$(HOME)/JUCE/modules/juce_audio_processors/format_types/VST3_SDK",
					"../../JuceLibraryCode",
					"$(HOME)/JUCE/modules",
					"$(HOME)/JUCE/modules/juce_audio_plugin_client",
					"$(inherited)",
				);
				INSTALL_PATH = "@executable_path/../Frameworks";
				LLVM_LTO = YES;
				MACOSX_DEPLOYMENT_TARGET = 10.11;
				MTL_HEADER_SEARCH_PATHS = (
					"$(HOME)/JUCE/modules/juce_audio_processors/format_types/VST3_SDK",
					"../../JuceLibraryCode",
					"$(HOME)/JUCE/modules",
					"$(HOME)/JUCE/modules/juce_audio_plugin_client",
				);
				PRODUCT_BUNDLE_IDENTIFIER = com.yourcompany.DirtyLittleBassSynth;
				PRODUCT_NAME = "DirtyLittleBassSynth";
				SKIP_INSTALL = YES;
				USE_HEADERMAP = NO;
				VALID_ARCHS = "i386 x86_64 arm64 arm64e";
			};
			name = Release;
		};
		FDB614C908B367E9026FDC60 = {
			isa = XCBuildConfiguration;
			buildSettings = {
				ALWAYS_SEARCH_USER_PATHS = NO;
				CLANG_ENABLE_OBJC_WEAK = YES;
				CLANG_WARN_BLOCK_CAPTURE_AUTORELEASING = YES;
				CLANG_WARN_BOOL_CONVERSION = YES;
				CLANG_WARN_COMMA = YES;
				CLANG_WARN_CONSTANT_CONVERSION = YES;
				CLANG_WARN_DEPRECATED_OBJC_IMPLEMENTATIONS = YES;
				CLANG_WARN_EMPTY_BODY = YES;
				CLANG_WARN_ENUM_CONVERSION = YES;
				CLANG_WARN_INFINITE_RECURSION = YES;
				CLANG_WARN_INT_CONVERSION = YES;
				CLANG_WARN_NON_LITERAL_NULL_CONVERSION = YES;
				CLANG_WARN_OBJC_IMPLICIT_RETAIN_SELF = YES;
				CLANG_WARN_OBJC_LITERAL_CONVERSION = YES;
				CLANG_WARN_RANGE_LOOP_ANALYSIS = YES;
				CLANG_WARN_STRICT_PROTOTYPES = YES;
				CLANG_WARN_SUSPICIOUS_MOVE = YES;
				CLANG_WARN_UNREACHABLE_CODE = YES;
				CLANG_WARN__DUPLICATE_METHOD_MATCH = YES;
				CODE_SIGN_IDENTITY = "";
				DEBUG_INFORMATION_FORMAT = dwarf;
				ENABLE_STRICT_OBJC_MSGSEND = YES;
				ENABLE_TESTABILITY = NO;
				GCC_C_LANGUAGE_STANDARD = c11;
				GCC_INLINES_ARE_PRIVATE_EXTERN = YES;
				GCC_MODEL_TUNING = G5;
				GCC_NO_COMMON_BLOCKS = YES;
				GCC_SYMBOLS_PRIVATE_EXTERN = YES;
				GCC_WARN_64_TO_32_BIT_CONVERSION = YES;
				GCC_WARN_ABOUT_RETURN_TYPE = YES;
				GCC_WARN_CHECK_SWITCH_STATEMENTS = YES;
				GCC_WARN_MISSING_PARENTHESES = YES;
				GCC_WARN_NON_VIRTUAL_DESTRUCTOR = YES;
				GCC_WARN_TYPECHECK_CALLS_TO_PRINTF = YES;
				GCC_WARN_UNDECLARED_SELECTOR = YES;
				GCC_WARN_UNINITIALIZED_AUTOS = YES;
				GCC_WARN_UNUSED_FUNCTION = YES;
				GCC_WARN_UNUSED_VARIABLE = YES;
				ONLY_ACTIVE_ARCH = YES;
				PRODUCT_NAME = "DirtyLittleBassSynth";
				SDKROOT = macosx;
				WARNING_CFLAGS = "-Wreorder";
				ZERO_LINK = NO;
			};
			name = Debug;
		};
		C6A6A6D4D394BB41FBA0A073 = {
			isa = XCBuildConfiguration;
			buildSettings = {
				ALWAYS_SEARCH_USER_PATHS = NO;
				CLANG_ENABLE_OBJC_WEAK = YES;
				CLANG_WARN_BLOCK_CAPTURE_AUTORELEASING = YES;
				CLANG_WARN_BOOL_CONVERSION = YES;
				CLANG_WARN_COMMA = YES;
				CLANG_WARN_CONSTANT_CONVERSION = YES;
				CLANG_WARN_DEPRECATED_OBJC_IMPLEMENTATIONS = YES;
				CLANG_WARN_EMPTY_BODY = YES;
				CLANG_WARN_ENUM_CONVERSION = YES;
				CLANG_WARN_INFINITE_RECURSION = YES;
				CLANG_WARN_INT_CONVERSION = YES;
				CLANG_WARN_NON_LITERAL_NULL_CONVERSION = YES;
				CLANG_WARN_OBJC_IMPLICIT_RETAIN_SELF = YES;
				CLANG_WARN_OBJC_LITERAL_CONVERSION = YES;
				CLANG_WARN_RANGE_LOOP_ANALYSIS = YES;
				CLANG_WARN_STRICT_PROTOTYPES = YES;
				CLANG_WARN_SUSPICIOUS_MOVE = YES;
				CLANG_WARN_UNREACHABLE_CODE = YES;
				CLANG_WARN__DUPLICATE_METHOD_MATCH = YES;
				CODE_SIGN_IDENTITY = "";
				DEBUG_INFORMATION_FORMAT = dwarf;
				ENABLE_STRICT_OBJC_MSGSEND = YES;
				ENABLE_TESTABILITY = NO;
				GCC_C_LANGUAGE_STANDARD = c11;
				GCC_INLINES_ARE_PRIVATE_EXTERN = YES;
				GCC_MODEL_TUNING = G5;
				GCC_NO_COMMON_BLOCKS = YES;
				GCC_SYMBOLS_PRIVATE_EXTERN = YES;
				GCC_WARN_64_TO_32_BIT_CONVERSION = YES;
				GCC_WARN_ABOUT_RETURN_TYPE = YES;
				GCC_WARN_CHECK_SWITCH_STATEMENTS = YES;
				GCC_WARN_MISSING_PARENTHESES = YES;
				GCC_WARN_NON_VIRTUAL_DESTRUCTOR = YES;
				GCC_WARN_TYPECHECK_CALLS_TO_PRINTF = YES;
				GCC_WARN_UNDECLARED_SELECTOR = YES;
				GCC_WARN_UNINITIALIZED_AUTOS = YES;
				GCC_WARN_UNUSED_FUNCTION = YES;
				GCC_WARN_UNUSED_VARIABLE = YES;
				PRODUCT_NAME = "DirtyLittleBassSynth";
				SDKROOT = macosx;
				WARNING_CFLAGS = "-Wreorder";
				ZERO_LINK = NO;
			};
			name = Release;
		};
		0464E0C8E48CC5B7041A7439 = {
			isa = XCConfigurationList;
			buildConfigurations = (
				FDB614C908B367E9026FDC60,
				C6A6A6D4D394BB41FBA0A073,
			);
			defaultConfigurationIsVisible = 0;
			defaultConfigurationName = Debug;
		};
		3517AAC0349F9723BA343765 = {
			isa = XCConfigurationList;
			buildConfigurations = (
				946165FB072C0E4FD77AB2BC,
				243DB5D6C4D6C7AA8F8C590F,
			);
			defaultConfigurationIsVisible = 0;
			defaultConfigurationName = Debug;
		};
		29A908FA47338DBE94BB7CCD = {
			isa = PBXAggregateTarget;
			buildConfigurationList = 3517AAC0349F9723BA343765;
			buildPhases = ( );
			buildRules = ( );
			dependencies = (
				90C233363DC7444A3EEA9491,
				1AD82D1947122957F945EF54,
				2D50BEA5524D7B9A6E8C19E5,
				DC6B114BCB659E1495ECE7C7,
			);
			name = "DirtyLittleBassSynth - All";
			productName = DirtyLittleBassSynth;
		};
		AE28F322A537CC964985D010 = {
			isa = XCConfigurationList;
			buildConfigurations = (
				EC540B116F20FC697E509273,
				3BDCEECDE5BDC142385DF3CE,
			);
			defaultConfigurationIsVisible = 0;
			defaultConfigurationName = Debug;
		};
		346094396AEF084C6522F372 = {
			isa = PBXResourcesBuildPhase;
			buildActionMask = 2147483647;
			files = (
				F1EF7B3176DAA31EFC842ECC,
			);
			runOnlyForDeploymentPostprocessing = 0;
		};
		5FCC7D45673A873655CBE3A5 = {
			isa = PBXSourcesBuildPhase;
			buildActionMask = 2147483647;
			files = (
				B5A19BB9C61790A261897965,
			);
			runOnlyForDeploymentPostprocessing = 0;
		};
		4FF1AA9F95873FC33BE6468D = {
			isa = PBXFrameworksBuildPhase;
			buildActionMask = 2147483647;
			files = (
				2F2040A5720D854056F2A71F,
				9E4A7A8A4754DC0907B5CE10,
				F7FC7EAE68AB6BC83705EB33,
				EBD48FB6F0F062C05825928E,
				7B578A8129A2E5ED7AF70CED,
				54A012081CD16AA0A0320B3A,
				CD65F8CAFB307CC0930A7835,
				9F86BBAA42581CE13C755B1D,
				B774E1D8D46B51242D5C0D98,
				6F9B02377D18C7291D40BF95,
				440EB3EBF0DCA26C3C7696B7,
				2CD4DA486EAE7B8C21BAB154,
				617310FD52C7DBEA8BD778EE,
			);
			runOnlyForDeploymentPostprocessing = 0;
		};
		60E59CAE82A7EC115C9BB9CE = {
			isa = PBXNativeTarget;
			buildConfigurationList = AE28F322A537CC964985D010;
			buildPhases = (
				346094396AEF084C6522F372,
				5FCC7D45673A873655CBE3A5,
				4FF1AA9F95873FC33BE6468D,
			);
			buildRules = ( );
			dependencies = (
				857677EFDC97F57A5A3F5B5B,
			);
			name = "DirtyLittleBassSynth - VST3";
			productName = DirtyLittleBassSynth;
			productReference = 50FC7A9479DB1468A4513025;
			productType = "com.apple.product-type.bundle";
		};
		991946407E22FC9E51C89E98 = {
			isa = XCConfigurationList;
			buildConfigurations = (
				B8F346C24A6948BDE79B8FBF,
				B89AE67D6560999B121E854F,
			);
			defaultConfigurationIsVisible = 0;
			defaultConfigurationName = Debug;
		};
		6CD6C5B8237E59F044902C5B = {
			isa = PBXResourcesBuildPhase;
			buildActionMask = 2147483647;
			files = (
				F1EF7B3176DAA31EFC842ECC,
			);
			runOnlyForDeploymentPostprocessing = 0;
		};
		8E9B563F035523C74E83AAB2 = {
			isa = PBXRezBuildPhase;
			buildActionMask = 2147483647;
			files = (
				DC421B73EE6C4E89418DFB85,
			);
			runOnlyForDeploymentPostprocessing = 0;
		};
		0ABF47677A4279FE5ADC32F7 = {
			isa = PBXSourcesBuildPhase;
			buildActionMask = 2147483647;
			files = (
				B82FEDF6C83CDE52534781A3,
				FF53B51E8CAE4FEADEEC3FAE,
			);
			runOnlyForDeploymentPostprocessing = 0;
		};
		F8C835F8D572A578F37BAAAE = {
			isa = PBXFrameworksBuildPhase;
			buildActionMask = 2147483647;
			files = (
				ED110F2FD6DA9CD244D8A8BD,
				2F2040A5720D854056F2A71F,
				9E4A7A8A4754DC0907B5CE10,
				F7FC7EAE68AB6BC83705EB33,
				EBD48FB6F0F062C05825928E,
				7B578A8129A2E5ED7AF70CED,
				54A012081CD16AA0A0320B3A,
				CD65F8CAFB307CC0930A7835,
				9F86BBAA42581CE13C755B1D,
				B774E1D8D46B51242D5C0D98,
				6F9B02377D18C7291D40BF95,
				440EB3EBF0DCA26C3C7696B7,
				2CD4DA486EAE7B8C21BAB154,
				617310FD52C7DBEA8BD778EE,
			);
			runOnlyForDeploymentPostprocessing = 0;
		};
		E879D0996AAC694DAE07FBB5 = {
			isa = PBXNativeTarget;
			buildConfigurationList = 991946407E22FC9E51C89E98;
			buildPhases = (
				6CD6C5B8237E59F044902C5B,
				8E9B563F035523C74E83AAB2,
				0ABF47677A4279FE5ADC32F7,
				F8C835F8D572A578F37BAAAE,
			);
			buildRules = ( );
			dependencies = (
				B63D0EED13CA6F4F6960D07B,
			);
			name = "DirtyLittleBassSynth - AU";
			productName = DirtyLittleBassSynth;
			productReference = 80D678DF8FF0D819181EA5FD;
			productType = "com.apple.product-type.bundle";
		};
		A4D6AE479787CD222D0D54F5 = {
			isa = XCConfigurationList;
			buildConfigurations = (
				E58A64261CD166B4D94AD016,
				24591B22B3E22766A738965D,
			);
			defaultConfigurationIsVisible = 0;
			defaultConfigurationName = Debug;
		};
		78D05029AAF55018648BDF43 = {
			isa = PBXResourcesBuildPhase;
			buildActionMask = 2147483647;
			files = (
				F1EF7B3176DAA31EFC842ECC,
			);
			runOnlyForDeploymentPostprocessing = 0;
		};
		2C3F0E987C6D23DC966F00E4 = {
			isa = PBXSourcesBuildPhase;
			buildActionMask = 2147483647;
			files = (
				99E4896E108A67FF61EE2C9C,
			);
			runOnlyForDeploymentPostprocessing = 0;
		};
		15095CBCBEA67F5A6B812D56 = {
			isa = PBXFrameworksBuildPhase;
			buildActionMask = 2147483647;
			files = (
				2F2040A5720D854056F2A71F,
				9E4A7A8A4754DC0907B5CE10,
				F7FC7EAE68AB6BC83705EB33,
				EBD48FB6F0F062C05825928E,
				7B578A8129A2E5ED7AF70CED,
				54A012081CD16AA0A0320B3A,
				CD65F8CAFB307CC0930A7835,
				9F86BBAA42581CE13C755B1D,
				B774E1D8D46B51242D5C0D98,
				6F9B02377D18C7291D40BF95,
				440EB3EBF0DCA26C3C7696B7,
				2CD4DA486EAE7B8C21BAB154,
				617310FD52C7DBEA8BD778EE,
			);
			runOnlyForDeploymentPostprocessing = 0;
		};
		FDF137CB3FB73217AEB005BF = {
			isa = PBXNativeTarget;
			buildConfigurationList = A4D6AE479787CD222D0D54F5;
			buildPhases = (
				78D05029AAF55018648BDF43,
				2C3F0E987C6D23DC966F00E4,
				15095CBCBEA67F5A6B812D56,
			);
			buildRules = ( );
			dependencies = (
				E61F2AA11C72BCCE7BE5C8CE,
			);
			name = "DirtyLittleBassSynth - Standalone Plugin";
			productName = DirtyLittleBassSynth;
			productReference = 06965FF9FB44765C70DD6DC0;
			productType = "com.apple.product-type.application";
		};
		401F281DA5200A68F82D67FC = {
			isa = XCConfigurationList;
			buildConfigurations = (
				F0BCBF7ACED049B82C485626,
				6D4E094EE6F5DDA12524B1E7,
			);
			defaultConfigurationIsVisible = 0;
			defaultConfigurationName = Debug;
		};
		E44059B5A29EE86E6B745C42 = {
			isa = PBXSourcesBuildPhase;
			buildActionMask = 2147483647;
			files = (
				D2C2469D6976441920B13588,
				B256541B9BE975A7202F77BD,
				90676949676021B926CFFED3,
				9398D6006F5B3DC3F999E2EA,
				7A6F18911656CA66C28F0855,
				31053ACD61523F66601198F9,
				89F442C03CFB81CBA78D1AA5,
				82B4B897153D387AFEE626DE,
				2B68A30DFF2CBDEB7FEF365E,
				2647DD4ABD7C28CDE1727139,
				3F9637E0EFD78F107310E4FA,
				84B5CFFFC1C42D05942393EC,
				4AC12365D30DC3B815A2B87C,
				4158E930240F2A1D817F7EE2,
				E731076CFA7A742132434472,
				CEEBD709A0AF359CE655A1E8,
				3BC5F398093EA54A715DD7C7,
				65B33C79C22B86074C5BC34D,
				09AA742DE453BF18E9B8C490,
				1168A816F9F9BC9750B1B95E,
				90E9FD60EBB3449726B42281,
				3B4F897CEE2979BBE0A00EF8,
				253EFEC3172B1B1F3ABBA86C,
				340EAD349FE2ACFADE92E3A8,
				DC3F79EAEF11B76ACB86073F,
				002D155B03F894BC556C45B5,
				66276ABB984F67789A0497BE,
				9EF300BFF2174AAF577CA513,
				50EE83D8FF5607AB3D66036D,
				2D2A3EEFDD8D6823B7437F37,
			);
			runOnlyForDeploymentPostprocessing = 0;
		};
		A33DDFCBF1BD7918D72D378A = {
			isa = PBXNativeTarget;
			buildConfigurationList = 401F281DA5200A68F82D67FC;
			buildPhases = (
				E44059B5A29EE86E6B745C42,
			);
			buildRules = ( );
			dependencies = ( );
			name = "DirtyLittleBassSynth - Shared Code";
			productName = DirtyLittleBassSynth;
			productReference = 50ED4515361EC4C628B3B31F;
			productType = "com.apple.product-type.library.static";
		};
		4773B499CDC7E6383CA42A92 = {
			isa = PBXProject;
			buildConfigurationList = 0464E0C8E48CC5B7041A7439;
			attributes = { LastUpgradeCheck = 1200; ORGANIZATIONNAME = ""; TargetAttributes = { 29A908FA47338DBE94BB7CCD = { SystemCapabilities = {com.apple.ApplicationGroups.iOS = { enabled = 0; }; com.apple.InAppPurchase = { enabled = 0; }; com.apple.InterAppAudio = { enabled = 0; }; com.apple.Push = { enabled = 0; }; com.apple.Sandbox = { enabled = 0; }; com.apple.HardenedRuntime = { enabled = 0; }; }; };60E59CAE82A7EC115C9BB9CE = { SystemCapabilities = {com.apple.ApplicationGroups.iOS = { enabled = 0; }; com.apple.InAppPurchase = { enabled = 0; }; com.apple.InterAppAudio = { enabled = 0; }; com.apple.Push = { enabled = 0; }; com.apple.Sandbox = { enabled = 0; }; com.apple.HardenedRuntime = { enabled = 0; }; }; };E879D0996AAC694DAE07FBB5 = { SystemCapabilities = {com.apple.ApplicationGroups.iOS = { enabled = 0; }; com.apple.InAppPurchase = { enabled = 0; }; com.apple.InterAppAudio = { enabled = 0; }; com.apple.Push = { enabled = 0; }; com.apple.Sandbox = { enabled = 0; }; com.apple.HardenedRuntime = { enabled = 0; }; }; };FDF137CB3FB73217AEB005BF = { SystemCapabilities = {com.apple.ApplicationGroups.iOS = { enabled = 0; }; com.apple.InAppPurchase = { enabled = 0; }; com.apple.InterAppAudio = { enabled = 0; }; com.apple.Push = { enabled = 0; }; com.apple.Sandbox = { enabled = 0; }; com.apple.HardenedRuntime = { enabled = 0; }; }; };A33DDFCBF1BD7918D72D378A = { SystemCapabilities = {com.apple.ApplicationGroups.iOS = { enabled = 0; }; com.apple.InAppPurchase = { enabled = 0; }; com.apple.InterAppAudio = { enabled = 0; }; com.apple.Push = { enabled = 0; }; com.apple.Sandbox = { enabled = 0; }; com.apple.HardenedRuntime = { enabled = 0; }; }; }; }; };
			compatibilityVersion = "Xcode 3.2";
			hasScannedForEncodings = 0;
			mainGroup = 74ABA71629C3A79BE567C39C;
			projectDirPath = "";
			projectRoot = "";
			targets = (29A908FA47338DBE94BB7CCD, 60E59CAE82A7EC115C9BB9CE, E879D0996AAC694DAE07FBB5, FDF137CB3FB73217AEB005BF, A33DDFCBF1BD7918D72D378A);
			knownRegions = (en, Base);
		};
	};
	rootObject = 4773B499CDC7E6383CA42A92;
}
